
Microsoft Visual Studio Solution File, Format Version 12.00
# Visual Studio Version 17
VisualStudioVersion = 17.7.34009.444
MinimumVisualStudioVersion = 10.0.40219.1
Project("{FAE04EC0-301F-11D3-BF4B-00C04F79EFBC}") = "PR1", "PR1\PR1.csproj", "{3E73B9EE-60BF-4418-8A5F-32B712A95D79}"
EndProject
Global
	GlobalSection(SolutionConfigurationPlatforms) = preSolution
		Debug|Any CPU = Debug|Any CPU
		Release|Any CPU = Release|Any CPU
	EndGlobalSection
	GlobalSection(ProjectConfigurationPlatforms) = postSolution
		{3E73B9EE-60BF-4418-8A5F-32B712A95D79}.Debug|Any CPU.ActiveCfg = Debug|Any CPU
		{3E73B9EE-60BF-4418-8A5F-32B712A95D79}.Debug|Any CPU.Build.0 = Debug|Any CPU
		{3E73B9EE-60BF-4418-8A5F-32B712A95D79}.Release|Any CPU.ActiveCfg = Release|Any CPU
		{3E73B9EE-60BF-4418-8A5F-32B712A95D79}.Release|Any CPU.Build.0 = Release|Any CPU
	EndGlobalSection
	GlobalSection(SolutionProperties) = preSolution
		HideSolutionNode = FALSE
	EndGlobalSection
	GlobalSection(ExtensibilityGlobals) = postSolution
		SolutionGuid = {CE1BCAF1-63F8-4F69-98DD-2077DE15D939}
	EndGlobalSection
EndGlobal
